
Microsoft Visual Studio Solution File, Format Version 12.00
# Visual Studio Version 17
VisualStudioVersion = 17.0.31717.71
MinimumVisualStudioVersion = 10.0.40219.1
Project("{9A19103F-16F7-4668-BE54-9A1E7A4F7556}") = "VirtServer", "VirtServer\VirtServer.csproj", "{403C8FB2-C169-4962-B929-633DB5BD05BF}"
EndProject
Project("{FAE04EC0-301F-11D3-BF4B-00C04F79EFBC}") = "VirtServer.Common", "VirtServer.Common\VirtServer.Common.csproj", "{92ADD432-CFDE-464F-B9EC-8AF9FD450B96}"
EndProject
Global
	GlobalSection(SolutionConfigurationPlatforms) = preSolution
		Debug|Any CPU = Debug|Any CPU
		Debug|x64 = Debug|x64
		Release|Any CPU = Release|Any CPU
		Release|x64 = Release|x64
	EndGlobalSection
	GlobalSection(ProjectConfigurationPlatforms) = postSolution
		{403C8FB2-C169-4962-B929-633DB5BD05BF}.Debug|Any CPU.ActiveCfg = Debug|Any CPU
		{403C8FB2-C169-4962-B929-633DB5BD05BF}.Debug|Any CPU.Build.0 = Debug|Any CPU
		{403C8FB2-C169-4962-B929-633DB5BD05BF}.Debug|x64.ActiveCfg = Debug|Any CPU
		{403C8FB2-C169-4962-B929-633DB5BD05BF}.Debug|x64.Build.0 = Debug|Any CPU
		{403C8FB2-C169-4962-B929-633DB5BD05BF}.Release|Any CPU.ActiveCfg = Release|Any CPU
		{403C8FB2-C169-4962-B929-633DB5BD05BF}.Release|Any CPU.Build.0 = Release|Any CPU
		{403C8FB2-C169-4962-B929-633DB5BD05BF}.Release|x64.ActiveCfg = Release|Any CPU
		{403C8FB2-C169-4962-B929-633DB5BD05BF}.Release|x64.Build.0 = Release|Any CPU
		{92ADD432-CFDE-464F-B9EC-8AF9FD450B96}.Debug|Any CPU.ActiveCfg = Debug|Any CPU
		{92ADD432-CFDE-464F-B9EC-8AF9FD450B96}.Debug|Any CPU.Build.0 = Debug|Any CPU
		{92ADD432-CFDE-464F-B9EC-8AF9FD450B96}.Debug|x64.ActiveCfg = Debug|Any CPU
		{92ADD432-CFDE-464F-B9EC-8AF9FD450B96}.Debug|x64.Build.0 = Debug|Any CPU
		{92ADD432-CFDE-464F-B9EC-8AF9FD450B96}.Release|Any CPU.ActiveCfg = Release|Any CPU
		{92ADD432-CFDE-464F-B9EC-8AF9FD450B96}.Release|Any CPU.Build.0 = Release|Any CPU
		{92ADD432-CFDE-464F-B9EC-8AF9FD450B96}.Release|x64.ActiveCfg = Release|Any CPU
		{92ADD432-CFDE-464F-B9EC-8AF9FD450B96}.Release|x64.Build.0 = Release|Any CPU
	EndGlobalSection
	GlobalSection(SolutionProperties) = preSolution
		HideSolutionNode = FALSE
	EndGlobalSection
	GlobalSection(ExtensibilityGlobals) = postSolution
		SolutionGuid = {0E302D2F-4A4C-4522-B5C3-D59B26678026}
	EndGlobalSection
EndGlobal
